
Microsoft Visual Studio Solution File, Format Version 12.00
# Visual Studio Version 17
VisualStudioVersion = 17.8.34408.163
MinimumVisualStudioVersion = 10.0.40219.1
Project("{FAE04EC0-301F-11D3-BF4B-00C04F79EFBC}") = "krizan", "krizan.csproj", "{3D6CCD8D-C73A-4473-A2E5-01A578896D4F}"
EndProject
Global
	GlobalSection(SolutionConfigurationPlatforms) = preSolution
		Debug|Any CPU = Debug|Any CPU
		Release|Any CPU = Release|Any CPU
	EndGlobalSection
	GlobalSection(ProjectConfigurationPlatforms) = postSolution
		{3D6CCD8D-C73A-4473-A2E5-01A578896D4F}.Debug|Any CPU.ActiveCfg = Debug|Any CPU
		{3D6CCD8D-C73A-4473-A2E5-01A578896D4F}.Debug|Any CPU.Build.0 = Debug|Any CPU
		{3D6CCD8D-C73A-4473-A2E5-01A578896D4F}.Release|Any CPU.ActiveCfg = Release|Any CPU
		{3D6CCD8D-C73A-4473-A2E5-01A578896D4F}.Release|Any CPU.Build.0 = Release|Any CPU
	EndGlobalSection
	GlobalSection(SolutionProperties) = preSolution
		HideSolutionNode = FALSE
	EndGlobalSection
	GlobalSection(ExtensibilityGlobals) = postSolution
		SolutionGuid = {EEAF1B2F-CAEC-435D-8E16-9393239FEF2F}
	EndGlobalSection
EndGlobal
